// !$*UTF8*$!
{
	archiveVersion = 1;
	classes = {
	};
	objectVersion = 56;
	objects = {

/* Begin PBXBuildFile section */
		4D23D9E528DCD2FB005F91BE /* AfricaApp.swift in Sources */ = {isa = PBXBuildFile; fileRef = 4D23D9E428DCD2FB005F91BE /* AfricaApp.swift */; };
		4D23D9E728DCD2FB005F91BE /* ContentView.swift in Sources */ = {isa = PBXBuildFile; fileRef = 4D23D9E628DCD2FB005F91BE /* ContentView.swift */; };
		4D23D9E928DCD2FD005F91BE /* Assets.xcassets in Resources */ = {isa = PBXBuildFile; fileRef = 4D23D9E828DCD2FD005F91BE /* Assets.xcassets */; };
		4D23D9EC28DCD2FD005F91BE /* Preview Assets.xcassets in Resources */ = {isa = PBXBuildFile; fileRef = 4D23D9EB28DCD2FD005F91BE /* Preview Assets.xcassets */; };
		4D23D9FD28DCD45F005F91BE /* cheetah.mp4 in Resources */ = {isa = PBXBuildFile; fileRef = 4D23D9F328DCD457005F91BE /* cheetah.mp4 */; };
		4D23D9FE28DCD45F005F91BE /* rhino.mp4 in Resources */ = {isa = PBXBuildFile; fileRef = 4D23D9F428DCD458005F91BE /* rhino.mp4 */; };
		4D23D9FF28DCD45F005F91BE /* giraffe.mp4 in Resources */ = {isa = PBXBuildFile; fileRef = 4D23D9F528DCD459005F91BE /* giraffe.mp4 */; };
		4D23DA0028DCD45F005F91BE /* ostrich.mp4 in Resources */ = {isa = PBXBuildFile; fileRef = 4D23D9F628DCD45A005F91BE /* ostrich.mp4 */; };
		4D23DA0128DCD45F005F91BE /* elephant.mp4 in Resources */ = {isa = PBXBuildFile; fileRef = 4D23D9F728DCD45B005F91BE /* elephant.mp4 */; };
		4D23DA0228DCD45F005F91BE /* lion.mp4 in Resources */ = {isa = PBXBuildFile; fileRef = 4D23D9F828DCD45B005F91BE /* lion.mp4 */; };
		4D23DA0328DCD45F005F91BE /* hippo.mp4 in Resources */ = {isa = PBXBuildFile; fileRef = 4D23D9F928DCD45C005F91BE /* hippo.mp4 */; };
		4D23DA0428DCD45F005F91BE /* lioness.mp4 in Resources */ = {isa = PBXBuildFile; fileRef = 4D23D9FA28DCD45D005F91BE /* lioness.mp4 */; };
		4D23DA0528DCD45F005F91BE /* gorilla.mp4 in Resources */ = {isa = PBXBuildFile; fileRef = 4D23D9FB28DCD45E005F91BE /* gorilla.mp4 */; };
		4D23DA0628DCD45F005F91BE /* zebra.mp4 in Resources */ = {isa = PBXBuildFile; fileRef = 4D23D9FC28DCD45F005F91BE /* zebra.mp4 */; };
		4D23DA0C28DCD4F3005F91BE /* animals.json in Resources */ = {isa = PBXBuildFile; fileRef = 4D23DA0828DCD4F1005F91BE /* animals.json */; };
		4D23DA0D28DCD4F3005F91BE /* videos.json in Resources */ = {isa = PBXBuildFile; fileRef = 4D23DA0928DCD4F2005F91BE /* videos.json */; };
		4D23DA0E28DCD4F3005F91BE /* locations.json in Resources */ = {isa = PBXBuildFile; fileRef = 4D23DA0A28DCD4F2005F91BE /* locations.json */; };
		4D23DA0F28DCD4F3005F91BE /* covers.json in Resources */ = {isa = PBXBuildFile; fileRef = 4D23DA0B28DCD4F3005F91BE /* covers.json */; };
		4D23DA1328DCD6B7005F91BE /* VideoListView.swift in Sources */ = {isa = PBXBuildFile; fileRef = 4D23DA1228DCD6B7005F91BE /* VideoListView.swift */; };
		4D23DA1528DCD6CF005F91BE /* MapView.swift in Sources */ = {isa = PBXBuildFile; fileRef = 4D23DA1428DCD6CF005F91BE /* MapView.swift */; };
		4D23DA1728DCD6E4005F91BE /* GalleryView.swift in Sources */ = {isa = PBXBuildFile; fileRef = 4D23DA1628DCD6E4005F91BE /* GalleryView.swift */; };
		4D23DA1928DCD6FB005F91BE /* MainView.swift in Sources */ = {isa = PBXBuildFile; fileRef = 4D23DA1828DCD6FB005F91BE /* MainView.swift */; };
		4D23DA1C28DCD8E1005F91BE /* CoverImageView.swift in Sources */ = {isa = PBXBuildFile; fileRef = 4D23DA1B28DCD8E1005F91BE /* CoverImageView.swift */; };
		4D23DA1F28DCDBF5005F91BE /* CoverImageModel.swift in Sources */ = {isa = PBXBuildFile; fileRef = 4D23DA1E28DCDBF5005F91BE /* CoverImageModel.swift */; };
		4D23DA2228DCDD94005F91BE /* CodableBundleExtension.swift in Sources */ = {isa = PBXBuildFile; fileRef = 4D23DA2128DCDD94005F91BE /* CodableBundleExtension.swift */; };
		4D23DA2428DCED37005F91BE /* AnimalListItemView.swift in Sources */ = {isa = PBXBuildFile; fileRef = 4D23DA2328DCED37005F91BE /* AnimalListItemView.swift */; };
		4D23DA2628DCEEBC005F91BE /* AnimalModel.swift in Sources */ = {isa = PBXBuildFile; fileRef = 4D23DA2528DCEEBC005F91BE /* AnimalModel.swift */; };
		4D23DA2828DCF26A005F91BE /* AnimalDetailView.swift in Sources */ = {isa = PBXBuildFile; fileRef = 4D23DA2728DCF26A005F91BE /* AnimalDetailView.swift */; };
		4D23DA2A28DCF666005F91BE /* HeadingView.swift in Sources */ = {isa = PBXBuildFile; fileRef = 4D23DA2928DCF666005F91BE /* HeadingView.swift */; };
		4D23DA2C28DCF7F9005F91BE /* InsetGalleryView.swift in Sources */ = {isa = PBXBuildFile; fileRef = 4D23DA2B28DCF7F9005F91BE /* InsetGalleryView.swift */; };
		4D23DA2E28DCFA85005F91BE /* InsetFactView.swift in Sources */ = {isa = PBXBuildFile; fileRef = 4D23DA2D28DCFA85005F91BE /* InsetFactView.swift */; };
		4D23DA3028DCFC42005F91BE /* InsetMapView.swift in Sources */ = {isa = PBXBuildFile; fileRef = 4D23DA2F28DCFC42005F91BE /* InsetMapView.swift */; };
		4D23DA3228DCFF1E005F91BE /* ExternalWeblinkView.swift in Sources */ = {isa = PBXBuildFile; fileRef = 4D23DA3128DCFF1E005F91BE /* ExternalWeblinkView.swift */; };
		4D23DA3428DD01C6005F91BE /* VideoModel.swift in Sources */ = {isa = PBXBuildFile; fileRef = 4D23DA3328DD01C6005F91BE /* VideoModel.swift */; };
		4D23DA3628DD02DB005F91BE /* VideoListItemView.swift in Sources */ = {isa = PBXBuildFile; fileRef = 4D23DA3528DD02DA005F91BE /* VideoListItemView.swift */; };
		4D23DA3828DD097C005F91BE /* VideoPlayerView.swift in Sources */ = {isa = PBXBuildFile; fileRef = 4D23DA3728DD097C005F91BE /* VideoPlayerView.swift */; };
		4D23DA3B28DE4A81005F91BE /* VideoPlayerHelper.swift in Sources */ = {isa = PBXBuildFile; fileRef = 4D23DA3A28DE4A81005F91BE /* VideoPlayerHelper.swift */; };
		4D23DA3D28DE4E0C005F91BE /* LocationModel.swift in Sources */ = {isa = PBXBuildFile; fileRef = 4D23DA3C28DE4E0C005F91BE /* LocationModel.swift */; };
		4D23DA3F28DE523B005F91BE /* MapAnnotationView.swift in Sources */ = {isa = PBXBuildFile; fileRef = 4D23DA3E28DE523B005F91BE /* MapAnnotationView.swift */; };
		4D23DA4128DE574A005F91BE /* MotionAnimationView.swift in Sources */ = {isa = PBXBuildFile; fileRef = 4D23DA4028DE574A005F91BE /* MotionAnimationView.swift */; };
		4DA73FB928E22C930028ED9D /* AnimalGridItemView.swift in Sources */ = {isa = PBXBuildFile; fileRef = 4DA73FB828E22C930028ED9D /* AnimalGridItemView.swift */; };
		4DA73FBF28E2344D0028ED9D /* Stickers.xcassets in Resources */ = {isa = PBXBuildFile; fileRef = 4DA73FBE28E2344D0028ED9D /* Stickers.xcassets */; };
		4DA73FC328E2344D0028ED9D /* Stickers.appex in Embed Foundation Extensions */ = {isa = PBXBuildFile; fileRef = 4DA73FBC28E2344A0028ED9D /* Stickers.appex */; settings = {ATTRIBUTES = (RemoveHeadersOnCopy, ); }; };
		4DA73FC928E236160028ED9D /* CreditsView.swift in Sources */ = {isa = PBXBuildFile; fileRef = 4DA73FC828E236160028ED9D /* CreditsView.swift */; };
		4DA73FCC28E237770028ED9D /* CenterModifier.swift in Sources */ = {isa = PBXBuildFile; fileRef = 4DA73FCB28E237770028ED9D /* CenterModifier.swift */; };
/* End PBXBuildFile section */

/* Begin PBXContainerItemProxy section */
		4DA73FC128E2344D0028ED9D /* PBXContainerItemProxy */ = {
			isa = PBXContainerItemProxy;
			containerPortal = 4D23D9D928DCD2FA005F91BE /* Project object */;
			proxyType = 1;
			remoteGlobalIDString = 4DA73FBB28E2344A0028ED9D;
			remoteInfo = Stickers;
		};
/* End PBXContainerItemProxy section */

/* Begin PBXCopyFilesBuildPhase section */
		4DA73FC728E2344D0028ED9D /* Embed Foundation Extensions */ = {
			isa = PBXCopyFilesBuildPhase;
			buildActionMask = 2147483647;
			dstPath = "";
			dstSubfolderSpec = 13;
			files = (
				4DA73FC328E2344D0028ED9D /* Stickers.appex in Embed Foundation Extensions */,
			);
			name = "Embed Foundation Extensions";
			runOnlyForDeploymentPostprocessing = 0;
		};
/* End PBXCopyFilesBuildPhase section */

/* Begin PBXFileReference section */
		4D23D9E128DCD2FA005F91BE /* Africa.app */ = {isa = PBXFileReference; explicitFileType = wrapper.application; includeInIndex = 0; path = Africa.app; sourceTree = BUILT_PRODUCTS_DIR; };
		4D23D9E428DCD2FB005F91BE /* AfricaApp.swift */ = {isa = PBXFileReference; lastKnownFileType = sourcecode.swift; path = AfricaApp.swift; sourceTree = "<group>"; };
		4D23D9E628DCD2FB005F91BE /* ContentView.swift */ = {isa = PBXFileReference; lastKnownFileType = sourcecode.swift; path = ContentView.swift; sourceTree = "<group>"; };
		4D23D9E828DCD2FD005F91BE /* Assets.xcassets */ = {isa = PBXFileReference; lastKnownFileType = folder.assetcatalog; path = Assets.xcassets; sourceTree = "<group>"; };
		4D23D9EB28DCD2FD005F91BE /* Preview Assets.xcassets */ = {isa = PBXFileReference; lastKnownFileType = folder.assetcatalog; path = "Preview Assets.xcassets"; sourceTree = "<group>"; };
		4D23D9F328DCD457005F91BE /* cheetah.mp4 */ = {isa = PBXFileReference; lastKnownFileType = file; path = cheetah.mp4; sourceTree = "<group>"; };
		4D23D9F428DCD458005F91BE /* rhino.mp4 */ = {isa = PBXFileReference; lastKnownFileType = file; path = rhino.mp4; sourceTree = "<group>"; };
		4D23D9F528DCD459005F91BE /* giraffe.mp4 */ = {isa = PBXFileReference; lastKnownFileType = file; path = giraffe.mp4; sourceTree = "<group>"; };
		4D23D9F628DCD45A005F91BE /* ostrich.mp4 */ = {isa = PBXFileReference; lastKnownFileType = file; path = ostrich.mp4; sourceTree = "<group>"; };
		4D23D9F728DCD45B005F91BE /* elephant.mp4 */ = {isa = PBXFileReference; lastKnownFileType = file; path = elephant.mp4; sourceTree = "<group>"; };
		4D23D9F828DCD45B005F91BE /* lion.mp4 */ = {isa = PBXFileReference; lastKnownFileType = file; path = lion.mp4; sourceTree = "<group>"; };
		4D23D9F928DCD45C005F91BE /* hippo.mp4 */ = {isa = PBXFileReference; lastKnownFileType = file; path = hippo.mp4; sourceTree = "<group>"; };
		4D23D9FA28DCD45D005F91BE /* lioness.mp4 */ = {isa = PBXFileReference; lastKnownFileType = file; path = lioness.mp4; sourceTree = "<group>"; };
		4D23D9FB28DCD45E005F91BE /* gorilla.mp4 */ = {isa = PBXFileReference; lastKnownFileType = file; path = gorilla.mp4; sourceTree = "<group>"; };
		4D23D9FC28DCD45F005F91BE /* zebra.mp4 */ = {isa = PBXFileReference; lastKnownFileType = file; path = zebra.mp4; sourceTree = "<group>"; };
		4D23DA0828DCD4F1005F91BE /* animals.json */ = {isa = PBXFileReference; fileEncoding = 4; lastKnownFileType = text.json; path = animals.json; sourceTree = "<group>"; };
		4D23DA0928DCD4F2005F91BE /* videos.json */ = {isa = PBXFileReference; fileEncoding = 4; lastKnownFileType = text.json; path = videos.json; sourceTree = "<group>"; };
		4D23DA0A28DCD4F2005F91BE /* locations.json */ = {isa = PBXFileReference; fileEncoding = 4; lastKnownFileType = text.json; path = locations.json; sourceTree = "<group>"; };
		4D23DA0B28DCD4F3005F91BE /* covers.json */ = {isa = PBXFileReference; fileEncoding = 4; lastKnownFileType = text.json; path = covers.json; sourceTree = "<group>"; };
		4D23DA1028DCD5BD005F91BE /* Info.plist */ = {isa = PBXFileReference; lastKnownFileType = text.plist; path = Info.plist; sourceTree = "<group>"; };
		4D23DA1228DCD6B7005F91BE /* VideoListView.swift */ = {isa = PBXFileReference; lastKnownFileType = sourcecode.swift; path = VideoListView.swift; sourceTree = "<group>"; };
		4D23DA1428DCD6CF005F91BE /* MapView.swift */ = {isa = PBXFileReference; lastKnownFileType = sourcecode.swift; path = MapView.swift; sourceTree = "<group>"; };
		4D23DA1628DCD6E4005F91BE /* GalleryView.swift */ = {isa = PBXFileReference; lastKnownFileType = sourcecode.swift; path = GalleryView.swift; sourceTree = "<group>"; };
		4D23DA1828DCD6FB005F91BE /* MainView.swift */ = {isa = PBXFileReference; lastKnownFileType = sourcecode.swift; path = MainView.swift; sourceTree = "<group>"; };
		4D23DA1B28DCD8E1005F91BE /* CoverImageView.swift */ = {isa = PBXFileReference; lastKnownFileType = sourcecode.swift; path = CoverImageView.swift; sourceTree = "<group>"; };
		4D23DA1E28DCDBF5005F91BE /* CoverImageModel.swift */ = {isa = PBXFileReference; lastKnownFileType = sourcecode.swift; path = CoverImageModel.swift; sourceTree = "<group>"; };
		4D23DA2128DCDD94005F91BE /* CodableBundleExtension.swift */ = {isa = PBXFileReference; lastKnownFileType = sourcecode.swift; path = CodableBundleExtension.swift; sourceTree = "<group>"; };
		4D23DA2328DCED37005F91BE /* AnimalListItemView.swift */ = {isa = PBXFileReference; lastKnownFileType = sourcecode.swift; path = AnimalListItemView.swift; sourceTree = "<group>"; };
		4D23DA2528DCEEBC005F91BE /* AnimalModel.swift */ = {isa = PBXFileReference; lastKnownFileType = sourcecode.swift; path = AnimalModel.swift; sourceTree = "<group>"; };
		4D23DA2728DCF26A005F91BE /* AnimalDetailView.swift */ = {isa = PBXFileReference; lastKnownFileType = sourcecode.swift; path = AnimalDetailView.swift; sourceTree = "<group>"; };
		4D23DA2928DCF666005F91BE /* HeadingView.swift */ = {isa = PBXFileReference; lastKnownFileType = sourcecode.swift; path = HeadingView.swift; sourceTree = "<group>"; };
		4D23DA2B28DCF7F9005F91BE /* InsetGalleryView.swift */ = {isa = PBXFileReference; lastKnownFileType = sourcecode.swift; path = InsetGalleryView.swift; sourceTree = "<group>"; };
		4D23DA2D28DCFA85005F91BE /* InsetFactView.swift */ = {isa = PBXFileReference; lastKnownFileType = sourcecode.swift; path = InsetFactView.swift; sourceTree = "<group>"; };
		4D23DA2F28DCFC42005F91BE /* InsetMapView.swift */ = {isa = PBXFileReference; lastKnownFileType = sourcecode.swift; path = InsetMapView.swift; sourceTree = "<group>"; };
		4D23DA3128DCFF1E005F91BE /* ExternalWeblinkView.swift */ = {isa = PBXFileReference; lastKnownFileType = sourcecode.swift; path = ExternalWeblinkView.swift; sourceTree = "<group>"; };
		4D23DA3328DD01C6005F91BE /* VideoModel.swift */ = {isa = PBXFileReference; lastKnownFileType = sourcecode.swift; path = VideoModel.swift; sourceTree = "<group>"; };
		4D23DA3528DD02DA005F91BE /* VideoListItemView.swift */ = {isa = PBXFileReference; lastKnownFileType = sourcecode.swift; path = VideoListItemView.swift; sourceTree = "<group>"; };
		4D23DA3728DD097C005F91BE /* VideoPlayerView.swift */ = {isa = PBXFileReference; lastKnownFileType = sourcecode.swift; path = VideoPlayerView.swift; sourceTree = "<group>"; };
		4D23DA3A28DE4A81005F91BE /* VideoPlayerHelper.swift */ = {isa = PBXFileReference; lastKnownFileType = sourcecode.swift; path = VideoPlayerHelper.swift; sourceTree = "<group>"; };
		4D23DA3C28DE4E0C005F91BE /* LocationModel.swift */ = {isa = PBXFileReference; lastKnownFileType = sourcecode.swift; path = LocationModel.swift; sourceTree = "<group>"; };
		4D23DA3E28DE523B005F91BE /* MapAnnotationView.swift */ = {isa = PBXFileReference; lastKnownFileType = sourcecode.swift; path = MapAnnotationView.swift; sourceTree = "<group>"; };
		4D23DA4028DE574A005F91BE /* MotionAnimationView.swift */ = {isa = PBXFileReference; lastKnownFileType = sourcecode.swift; path = MotionAnimationView.swift; sourceTree = "<group>"; };
		4DA73FB828E22C930028ED9D /* AnimalGridItemView.swift */ = {isa = PBXFileReference; lastKnownFileType = sourcecode.swift; path = AnimalGridItemView.swift; sourceTree = "<group>"; };
		4DA73FBC28E2344A0028ED9D /* Stickers.appex */ = {isa = PBXFileReference; explicitFileType = "wrapper.app-extension"; includeInIndex = 0; path = Stickers.appex; sourceTree = BUILT_PRODUCTS_DIR; };
		4DA73FBE28E2344D0028ED9D /* Stickers.xcassets */ = {isa = PBXFileReference; lastKnownFileType = folder.assetcatalog; path = Stickers.xcassets; sourceTree = "<group>"; };
		4DA73FC028E2344D0028ED9D /* Info.plist */ = {isa = PBXFileReference; lastKnownFileType = text.plist.xml; path = Info.plist; sourceTree = "<group>"; };
		4DA73FC828E236160028ED9D /* CreditsView.swift */ = {isa = PBXFileReference; lastKnownFileType = sourcecode.swift; path = CreditsView.swift; sourceTree = "<group>"; };
		4DA73FCB28E237770028ED9D /* CenterModifier.swift */ = {isa = PBXFileReference; lastKnownFileType = sourcecode.swift; path = CenterModifier.swift; sourceTree = "<group>"; };
		4DA73FCD28E239A80028ED9D /* Stickers.entitlements */ = {isa = PBXFileReference; lastKnownFileType = text.plist.entitlements; path = Stickers.entitlements; sourceTree = "<group>"; };
/* End PBXFileReference section */

/* Begin PBXFrameworksBuildPhase section */
		4D23D9DE28DCD2FA005F91BE /* Frameworks */ = {
			isa = PBXFrameworksBuildPhase;
			buildActionMask = 2147483647;
			files = (
			);
			runOnlyForDeploymentPostprocessing = 0;
		};
/* End PBXFrameworksBuildPhase section */

/* Begin PBXGroup section */
		4D23D9D828DCD2FA005F91BE = {
			isa = PBXGroup;
			children = (
				4D23D9E328DCD2FA005F91BE /* Africa */,
				4DA73FBD28E2344A0028ED9D /* Stickers */,
				4D23D9E228DCD2FA005F91BE /* Products */,
			);
			sourceTree = "<group>";
		};
		4D23D9E228DCD2FA005F91BE /* Products */ = {
			isa = PBXGroup;
			children = (
				4D23D9E128DCD2FA005F91BE /* Africa.app */,
				4DA73FBC28E2344A0028ED9D /* Stickers.appex */,
			);
			name = Products;
			sourceTree = "<group>";
		};
		4D23D9E328DCD2FA005F91BE /* Africa */ = {
			isa = PBXGroup;
			children = (
				4DA73FCA28E2375C0028ED9D /* Modifier */,
				4D23DA3928DE4A6B005F91BE /* Helper */,
				4D23DA1128DCD679005F91BE /* App */,
				4D23DA2028DCDD7F005F91BE /* Extension */,
				4D23DA1D28DCDBE7005F91BE /* Model */,
				4D23DA1A28DCD8D0005F91BE /* View */,
				4D23DA1028DCD5BD005F91BE /* Info.plist */,
				4D23DA0728DCD4D7005F91BE /* Data */,
				4D23D9F228DCD437005F91BE /* Video */,
				4D23D9E828DCD2FD005F91BE /* Assets.xcassets */,
				4D23D9EA28DCD2FD005F91BE /* Preview Content */,
			);
			path = Africa;
			sourceTree = "<group>";
		};
		4D23D9EA28DCD2FD005F91BE /* Preview Content */ = {
			isa = PBXGroup;
			children = (
				4D23D9EB28DCD2FD005F91BE /* Preview Assets.xcassets */,
			);
			path = "Preview Content";
			sourceTree = "<group>";
		};
		4D23D9F228DCD437005F91BE /* Video */ = {
			isa = PBXGroup;
			children = (
				4D23D9F328DCD457005F91BE /* cheetah.mp4 */,
				4D23D9F728DCD45B005F91BE /* elephant.mp4 */,
				4D23D9F528DCD459005F91BE /* giraffe.mp4 */,
				4D23D9FB28DCD45E005F91BE /* gorilla.mp4 */,
				4D23D9F928DCD45C005F91BE /* hippo.mp4 */,
				4D23D9F828DCD45B005F91BE /* lion.mp4 */,
				4D23D9FA28DCD45D005F91BE /* lioness.mp4 */,
				4D23D9F628DCD45A005F91BE /* ostrich.mp4 */,
				4D23D9F428DCD458005F91BE /* rhino.mp4 */,
				4D23D9FC28DCD45F005F91BE /* zebra.mp4 */,
			);
			path = Video;
			sourceTree = "<group>";
		};
		4D23DA0728DCD4D7005F91BE /* Data */ = {
			isa = PBXGroup;
			children = (
				4D23DA0828DCD4F1005F91BE /* animals.json */,
				4D23DA0B28DCD4F3005F91BE /* covers.json */,
				4D23DA0A28DCD4F2005F91BE /* locations.json */,
				4D23DA0928DCD4F2005F91BE /* videos.json */,
			);
			path = Data;
			sourceTree = "<group>";
		};
		4D23DA1128DCD679005F91BE /* App */ = {
			isa = PBXGroup;
			children = (
				4D23D9E428DCD2FB005F91BE /* AfricaApp.swift */,
				4D23D9E628DCD2FB005F91BE /* ContentView.swift */,
				4D23DA1228DCD6B7005F91BE /* VideoListView.swift */,
				4D23DA1428DCD6CF005F91BE /* MapView.swift */,
				4D23DA1628DCD6E4005F91BE /* GalleryView.swift */,
				4D23DA1828DCD6FB005F91BE /* MainView.swift */,
			);
			path = App;
			sourceTree = "<group>";
		};
		4D23DA1A28DCD8D0005F91BE /* View */ = {
			isa = PBXGroup;
			children = (
				4D23DA1B28DCD8E1005F91BE /* CoverImageView.swift */,
				4D23DA2328DCED37005F91BE /* AnimalListItemView.swift */,
				4D23DA2728DCF26A005F91BE /* AnimalDetailView.swift */,
				4D23DA2928DCF666005F91BE /* HeadingView.swift */,
				4D23DA2B28DCF7F9005F91BE /* InsetGalleryView.swift */,
				4D23DA2D28DCFA85005F91BE /* InsetFactView.swift */,
				4D23DA2F28DCFC42005F91BE /* InsetMapView.swift */,
				4D23DA3128DCFF1E005F91BE /* ExternalWeblinkView.swift */,
				4D23DA3528DD02DA005F91BE /* VideoListItemView.swift */,
				4D23DA3728DD097C005F91BE /* VideoPlayerView.swift */,
				4D23DA3E28DE523B005F91BE /* MapAnnotationView.swift */,
				4D23DA4028DE574A005F91BE /* MotionAnimationView.swift */,
				4DA73FB828E22C930028ED9D /* AnimalGridItemView.swift */,
				4DA73FC828E236160028ED9D /* CreditsView.swift */,
			);
			path = View;
			sourceTree = "<group>";
		};
		4D23DA1D28DCDBE7005F91BE /* Model */ = {
			isa = PBXGroup;
			children = (
				4D23DA1E28DCDBF5005F91BE /* CoverImageModel.swift */,
				4D23DA2528DCEEBC005F91BE /* AnimalModel.swift */,
				4D23DA3328DD01C6005F91BE /* VideoModel.swift */,
				4D23DA3C28DE4E0C005F91BE /* LocationModel.swift */,
			);
			path = Model;
			sourceTree = "<group>";
		};
		4D23DA2028DCDD7F005F91BE /* Extension */ = {
			isa = PBXGroup;
			children = (
				4D23DA2128DCDD94005F91BE /* CodableBundleExtension.swift */,
			);
			path = Extension;
			sourceTree = "<group>";
		};
		4D23DA3928DE4A6B005F91BE /* Helper */ = {
			isa = PBXGroup;
			children = (
				4D23DA3A28DE4A81005F91BE /* VideoPlayerHelper.swift */,
			);
			path = Helper;
			sourceTree = "<group>";
		};
		4DA73FBD28E2344A0028ED9D /* Stickers */ = {
			isa = PBXGroup;
			children = (
				4DA73FCD28E239A80028ED9D /* Stickers.entitlements */,
				4DA73FBE28E2344D0028ED9D /* Stickers.xcassets */,
				4DA73FC028E2344D0028ED9D /* Info.plist */,
			);
			path = Stickers;
			sourceTree = "<group>";
		};
		4DA73FCA28E2375C0028ED9D /* Modifier */ = {
			isa = PBXGroup;
			children = (
				4DA73FCB28E237770028ED9D /* CenterModifier.swift */,
			);
			path = Modifier;
			sourceTree = "<group>";
		};
/* End PBXGroup section */

/* Begin PBXNativeTarget section */
		4D23D9E028DCD2FA005F91BE /* Africa */ = {
			isa = PBXNativeTarget;
			buildConfigurationList = 4D23D9EF28DCD2FD005F91BE /* Build configuration list for PBXNativeTarget "Africa" */;
			buildPhases = (
				4D23D9DD28DCD2FA005F91BE /* Sources */,
				4D23D9DE28DCD2FA005F91BE /* Frameworks */,
				4D23D9DF28DCD2FA005F91BE /* Resources */,
				4DA73FC728E2344D0028ED9D /* Embed Foundation Extensions */,
			);
			buildRules = (
			);
			dependencies = (
				4DA73FC228E2344D0028ED9D /* PBXTargetDependency */,
			);
			name = Africa;
			productName = Africa;
			productReference = 4D23D9E128DCD2FA005F91BE /* Africa.app */;
			productType = "com.apple.product-type.application";
		};
		4DA73FBB28E2344A0028ED9D /* Stickers */ = {
			isa = PBXNativeTarget;
			buildConfigurationList = 4DA73FC428E2344D0028ED9D /* Build configuration list for PBXNativeTarget "Stickers" */;
			buildPhases = (
				4DA73FBA28E2344A0028ED9D /* Resources */,
			);
			buildRules = (
			);
			dependencies = (
			);
			name = Stickers;
			productName = Stickers;
			productReference = 4DA73FBC28E2344A0028ED9D /* Stickers.appex */;
			productType = "com.apple.product-type.app-extension.messages-sticker-pack";
		};
/* End PBXNativeTarget section */

/* Begin PBXProject section */
		4D23D9D928DCD2FA005F91BE /* Project object */ = {
			isa = PBXProject;
			attributes = {
				BuildIndependentTargetsInParallel = 1;
				LastSwiftUpdateCheck = 1400;
				LastUpgradeCheck = 1400;
				TargetAttributes = {
					4D23D9E028DCD2FA005F91BE = {
						CreatedOnToolsVersion = 14.0;
					};
					4DA73FBB28E2344A0028ED9D = {
						CreatedOnToolsVersion = 14.0;
					};
				};
			};
			buildConfigurationList = 4D23D9DC28DCD2FA005F91BE /* Build configuration list for PBXProject "Africa" */;
			compatibilityVersion = "Xcode 14.0";
			developmentRegion = en;
			hasScannedForEncodings = 0;
			knownRegions = (
				en,
				Base,
			);
			mainGroup = 4D23D9D828DCD2FA005F91BE;
			productRefGroup = 4D23D9E228DCD2FA005F91BE /* Products */;
			projectDirPath = "";
			projectRoot = "";
			targets = (
				4D23D9E028DCD2FA005F91BE /* Africa */,
				4DA73FBB28E2344A0028ED9D /* Stickers */,
			);
		};
/* End PBXProject section */

/* Begin PBXResourcesBuildPhase section */
		4D23D9DF28DCD2FA005F91BE /* Resources */ = {
			isa = PBXResourcesBuildPhase;
			buildActionMask = 2147483647;
			files = (
				4D23DA0028DCD45F005F91BE /* ostrich.mp4 in Resources */,
				4D23DA0328DCD45F005F91BE /* hippo.mp4 in Resources */,
				4D23DA0228DCD45F005F91BE /* lion.mp4 in Resources */,
				4D23DA0D28DCD4F3005F91BE /* videos.json in Resources */,
				4D23D9FE28DCD45F005F91BE /* rhino.mp4 in Resources */,
				4D23DA0F28DCD4F3005F91BE /* covers.json in Resources */,
				4D23DA0628DCD45F005F91BE /* zebra.mp4 in Resources */,
				4D23D9EC28DCD2FD005F91BE /* Preview Assets.xcassets in Resources */,
				4D23DA0E28DCD4F3005F91BE /* locations.json in Resources */,
				4D23D9E928DCD2FD005F91BE /* Assets.xcassets in Resources */,
				4D23DA0C28DCD4F3005F91BE /* animals.json in Resources */,
				4D23DA0128DCD45F005F91BE /* elephant.mp4 in Resources */,
				4D23DA0428DCD45F005F91BE /* lioness.mp4 in Resources */,
				4D23D9FD28DCD45F005F91BE /* cheetah.mp4 in Resources */,
				4D23D9FF28DCD45F005F91BE /* giraffe.mp4 in Resources */,
				4D23DA0528DCD45F005F91BE /* gorilla.mp4 in Resources */,
			);
			runOnlyForDeploymentPostprocessing = 0;
		};
		4DA73FBA28E2344A0028ED9D /* Resources */ = {
			isa = PBXResourcesBuildPhase;
			buildActionMask = 2147483647;
			files = (
				4DA73FBF28E2344D0028ED9D /* Stickers.xcassets in Resources */,
			);
			runOnlyForDeploymentPostprocessing = 0;
		};
/* End PBXResourcesBuildPhase section */

/* Begin PBXSourcesBuildPhase section */
		4D23D9DD28DCD2FA005F91BE /* Sources */ = {
			isa = PBXSourcesBuildPhase;
			buildActionMask = 2147483647;
			files = (
				4D23DA3228DCFF1E005F91BE /* ExternalWeblinkView.swift in Sources */,
				4D23D9E728DCD2FB005F91BE /* ContentView.swift in Sources */,
				4D23DA2828DCF26A005F91BE /* AnimalDetailView.swift in Sources */,
				4D23DA2428DCED37005F91BE /* AnimalListItemView.swift in Sources */,
				4D23DA2E28DCFA85005F91BE /* InsetFactView.swift in Sources */,
				4D23DA1928DCD6FB005F91BE /* MainView.swift in Sources */,
				4D23DA4128DE574A005F91BE /* MotionAnimationView.swift in Sources */,
				4D23DA1C28DCD8E1005F91BE /* CoverImageView.swift in Sources */,
				4D23DA1F28DCDBF5005F91BE /* CoverImageModel.swift in Sources */,
				4D23DA2628DCEEBC005F91BE /* AnimalModel.swift in Sources */,
				4D23DA1528DCD6CF005F91BE /* MapView.swift in Sources */,
				4D23DA3B28DE4A81005F91BE /* VideoPlayerHelper.swift in Sources */,
				4D23DA3028DCFC42005F91BE /* InsetMapView.swift in Sources */,
				4D23D9E528DCD2FB005F91BE /* AfricaApp.swift in Sources */,
				4D23DA3F28DE523B005F91BE /* MapAnnotationView.swift in Sources */,
				4D23DA1328DCD6B7005F91BE /* VideoListView.swift in Sources */,
				4D23DA3428DD01C6005F91BE /* VideoModel.swift in Sources */,
				4D23DA1728DCD6E4005F91BE /* GalleryView.swift in Sources */,
				4DA73FB928E22C930028ED9D /* AnimalGridItemView.swift in Sources */,
				4D23DA3D28DE4E0C005F91BE /* LocationModel.swift in Sources */,
				4D23DA2C28DCF7F9005F91BE /* InsetGalleryView.swift in Sources */,
				4DA73FC928E236160028ED9D /* CreditsView.swift in Sources */,
				4D23DA3628DD02DB005F91BE /* VideoListItemView.swift in Sources */,
				4D23DA2228DCDD94005F91BE /* CodableBundleExtension.swift in Sources */,
				4DA73FCC28E237770028ED9D /* CenterModifier.swift in Sources */,
				4D23DA2A28DCF666005F91BE /* HeadingView.swift in Sources */,
				4D23DA3828DD097C005F91BE /* VideoPlayerView.swift in Sources */,
			);
			runOnlyForDeploymentPostprocessing = 0;
		};
/* End PBXSourcesBuildPhase section */

/* Begin PBXTargetDependency section */
		4DA73FC228E2344D0028ED9D /* PBXTargetDependency */ = {
			isa = PBXTargetDependency;
			target = 4DA73FBB28E2344A0028ED9D /* Stickers */;
			targetProxy = 4DA73FC128E2344D0028ED9D /* PBXContainerItemProxy */;
		};
/* End PBXTargetDependency section */

/* Begin XCBuildConfiguration section */
		4D23D9ED28DCD2FD005F91BE /* Debug */ = {
			isa = XCBuildConfiguration;
			buildSettings = {
				ALWAYS_SEARCH_USER_PATHS = NO;
				CLANG_ANALYZER_NONNULL = YES;
				CLANG_ANALYZER_NUMBER_OBJECT_CONVERSION = YES_AGGRESSIVE;
				CLANG_CXX_LANGUAGE_STANDARD = "gnu++20";
				CLANG_ENABLE_MODULES = YES;
				CLANG_ENABLE_OBJC_ARC = YES;
				CLANG_ENABLE_OBJC_WEAK = YES;
				CLANG_WARN_BLOCK_CAPTURE_AUTORELEASING = YES;
				CLANG_WARN_BOOL_CONVERSION = YES;
				CLANG_WARN_COMMA = YES;
				CLANG_WARN_CONSTANT_CONVERSION = YES;
				CLANG_WARN_DEPRECATED_OBJC_IMPLEMENTATIONS = YES;
				CLANG_WARN_DIRECT_OBJC_ISA_USAGE = YES_ERROR;
				CLANG_WARN_DOCUMENTATION_COMMENTS = YES;
				CLANG_WARN_EMPTY_BODY = YES;
				CLANG_WARN_ENUM_CONVERSION = YES;
				CLANG_WARN_INFINITE_RECURSION = YES;
				CLANG_WARN_INT_CONVERSION = YES;
				CLANG_WARN_NON_LITERAL_NULL_CONVERSION = YES;
				CLANG_WARN_OBJC_IMPLICIT_RETAIN_SELF = YES;
				CLANG_WARN_OBJC_LITERAL_CONVERSION = YES;
				CLANG_WARN_OBJC_ROOT_CLASS = YES_ERROR;
				CLANG_WARN_QUOTED_INCLUDE_IN_FRAMEWORK_HEADER = YES;
				CLANG_WARN_RANGE_LOOP_ANALYSIS = YES;
				CLANG_WARN_STRICT_PROTOTYPES = YES;
				CLANG_WARN_SUSPICIOUS_MOVE = YES;
				CLANG_WARN_UNGUARDED_AVAILABILITY = YES_AGGRESSIVE;
				CLANG_WARN_UNREACHABLE_CODE = YES;
				CLANG_WARN__DUPLICATE_METHOD_MATCH = YES;
				COPY_PHASE_STRIP = NO;
				DEBUG_INFORMATION_FORMAT = dwarf;
				ENABLE_STRICT_OBJC_MSGSEND = YES;
				ENABLE_TESTABILITY = YES;
				GCC_C_LANGUAGE_STANDARD = gnu11;
				GCC_DYNAMIC_NO_PIC = NO;
				GCC_NO_COMMON_BLOCKS = YES;
				GCC_OPTIMIZATION_LEVEL = 0;
				GCC_PREPROCESSOR_DEFINITIONS = (
					"DEBUG=1",
					"$(inherited)",
				);
				GCC_WARN_64_TO_32_BIT_CONVERSION = YES;
				GCC_WARN_ABOUT_RETURN_TYPE = YES_ERROR;
				GCC_WARN_UNDECLARED_SELECTOR = YES;
				GCC_WARN_UNINITIALIZED_AUTOS = YES_AGGRESSIVE;
				GCC_WARN_UNUSED_FUNCTION = YES;
				GCC_WARN_UNUSED_VARIABLE = YES;
				IPHONEOS_DEPLOYMENT_TARGET = 16.0;
				MTL_ENABLE_DEBUG_INFO = INCLUDE_SOURCE;
				MTL_FAST_MATH = YES;
				ONLY_ACTIVE_ARCH = YES;
				SDKROOT = iphoneos;
				SWIFT_ACTIVE_COMPILATION_CONDITIONS = DEBUG;
				SWIFT_OPTIMIZATION_LEVEL = "-Onone";
			};
			name = Debug;
		};
		4D23D9EE28DCD2FD005F91BE /* Release */ = {
			isa = XCBuildConfiguration;
			buildSettings = {
				ALWAYS_SEARCH_USER_PATHS = NO;
				CLANG_ANALYZER_NONNULL = YES;
				CLANG_ANALYZER_NUMBER_OBJECT_CONVERSION = YES_AGGRESSIVE;
				CLANG_CXX_LANGUAGE_STANDARD = "gnu++20";
				CLANG_ENABLE_MODULES = YES;
				CLANG_ENABLE_OBJC_ARC = YES;
				CLANG_ENABLE_OBJC_WEAK = YES;
				CLANG_WARN_BLOCK_CAPTURE_AUTORELEASING = YES;
				CLANG_WARN_BOOL_CONVERSION = YES;
				CLANG_WARN_COMMA = YES;
				CLANG_WARN_CONSTANT_CONVERSION = YES;
				CLANG_WARN_DEPRECATED_OBJC_IMPLEMENTATIONS = YES;
				CLANG_WARN_DIRECT_OBJC_ISA_USAGE = YES_ERROR;
				CLANG_WARN_DOCUMENTATION_COMMENTS = YES;
				CLANG_WARN_EMPTY_BODY = YES;
				CLANG_WARN_ENUM_CONVERSION = YES;
				CLANG_WARN_INFINITE_RECURSION = YES;
				CLANG_WARN_INT_CONVERSION = YES;
				CLANG_WARN_NON_LITERAL_NULL_CONVERSION = YES;
				CLANG_WARN_OBJC_IMPLICIT_RETAIN_SELF = YES;
				CLANG_WARN_OBJC_LITERAL_CONVERSION = YES;
				CLANG_WARN_OBJC_ROOT_CLASS = YES_ERROR;
				CLANG_WARN_QUOTED_INCLUDE_IN_FRAMEWORK_HEADER = YES;
				CLANG_WARN_RANGE_LOOP_ANALYSIS = YES;
				CLANG_WARN_STRICT_PROTOTYPES = YES;
				CLANG_WARN_SUSPICIOUS_MOVE = YES;
				CLANG_WARN_UNGUARDED_AVAILABILITY = YES_AGGRESSIVE;
				CLANG_WARN_UNREACHABLE_CODE = YES;
				CLANG_WARN__DUPLICATE_METHOD_MATCH = YES;
				COPY_PHASE_STRIP = NO;
				DEBUG_INFORMATION_FORMAT = "dwarf-with-dsym";
				ENABLE_NS_ASSERTIONS = NO;
				ENABLE_STRICT_OBJC_MSGSEND = YES;
				GCC_C_LANGUAGE_STANDARD = gnu11;
				GCC_NO_COMMON_BLOCKS = YES;
				GCC_WARN_64_TO_32_BIT_CONVERSION = YES;
				GCC_WARN_ABOUT_RETURN_TYPE = YES_ERROR;
				GCC_WARN_UNDECLARED_SELECTOR = YES;
				GCC_WARN_UNINITIALIZED_AUTOS = YES_AGGRESSIVE;
				GCC_WARN_UNUSED_FUNCTION = YES;
				GCC_WARN_UNUSED_VARIABLE = YES;
				IPHONEOS_DEPLOYMENT_TARGET = 16.0;
				MTL_ENABLE_DEBUG_INFO = NO;
				MTL_FAST_MATH = YES;
				SDKROOT = iphoneos;
				SWIFT_COMPILATION_MODE = wholemodule;
				SWIFT_OPTIMIZATION_LEVEL = "-O";
				VALIDATE_PRODUCT = YES;
			};
			name = Release;
		};
		4D23D9F028DCD2FD005F91BE /* Debug */ = {
			isa = XCBuildConfiguration;
			buildSettings = {
				ASSETCATALOG_COMPILER_APPICON_NAME = AppIcon;
				ASSETCATALOG_COMPILER_GLOBAL_ACCENT_COLOR_NAME = AccentColor;
				CODE_SIGN_STYLE = Automatic;
				CURRENT_PROJECT_VERSION = 1;
				DEVELOPMENT_ASSET_PATHS = "\"Africa/Preview Content\"";
				DEVELOPMENT_TEAM = 62L6L7882M;
				ENABLE_PREVIEWS = YES;
				GENERATE_INFOPLIST_FILE = YES;
				INFOPLIST_FILE = Africa/Info.plist;
				INFOPLIST_KEY_CFBundleDisplayName = Africa;
				INFOPLIST_KEY_UIApplicationSceneManifest_Generation = YES;
				INFOPLIST_KEY_UIApplicationSupportsIndirectInputEvents = YES;
				INFOPLIST_KEY_UIStatusBarStyle = "";
				INFOPLIST_KEY_UISupportedInterfaceOrientations = "UIInterfaceOrientationLandscapeLeft UIInterfaceOrientationLandscapeRight UIInterfaceOrientationPortrait";
				INFOPLIST_KEY_UISupportedInterfaceOrientations_iPad = "UIInterfaceOrientationLandscapeLeft UIInterfaceOrientationLandscapeRight";
				INFOPLIST_KEY_UIUserInterfaceStyle = Dark;
				IPHONEOS_DEPLOYMENT_TARGET = 14.7;
				LD_RUNPATH_SEARCH_PATHS = (
					"$(inherited)",
					"@executable_path/Frameworks",
				);
				MARKETING_VERSION = 1.0;
				PRODUCT_BUNDLE_IDENTIFIER = dev.mikeschmidt.Africa;
				PRODUCT_NAME = "$(TARGET_NAME)";
				SUPPORTED_PLATFORMS = "iphoneos iphonesimulator";
				SUPPORTS_MACCATALYST = NO;
				SUPPORTS_MAC_DESIGNED_FOR_IPHONE_IPAD = NO;
				SWIFT_EMIT_LOC_STRINGS = YES;
				SWIFT_VERSION = 5.0;
				TARGETED_DEVICE_FAMILY = "1,2";
			};
			name = Debug;
		};
		4D23D9F128DCD2FD005F91BE /* Release */ = {
			isa = XCBuildConfiguration;
			buildSettings = {
				ASSETCATALOG_COMPILER_APPICON_NAME = AppIcon;
				ASSETCATALOG_COMPILER_GLOBAL_ACCENT_COLOR_NAME = AccentColor;
				CODE_SIGN_STYLE = Automatic;
				CURRENT_PROJECT_VERSION = 1;
				DEVELOPMENT_ASSET_PATHS = "\"Africa/Preview Content\"";
				DEVELOPMENT_TEAM = 62L6L7882M;
				ENABLE_PREVIEWS = YES;
				GENERATE_INFOPLIST_FILE = YES;
				INFOPLIST_FILE = Africa/Info.plist;
				INFOPLIST_KEY_CFBundleDisplayName = Africa;
				INFOPLIST_KEY_UIApplicationSceneManifest_Generation = YES;
				INFOPLIST_KEY_UIApplicationSupportsIndirectInputEvents = YES;
				INFOPLIST_KEY_UIStatusBarStyle = "";
				INFOPLIST_KEY_UISupportedInterfaceOrientations = "UIInterfaceOrientationLandscapeLeft UIInterfaceOrientationLandscapeRight UIInterfaceOrientationPortrait";
				INFOPLIST_KEY_UISupportedInterfaceOrientations_iPad = "UIInterfaceOrientationLandscapeLeft UIInterfaceOrientationLandscapeRight";
				INFOPLIST_KEY_UIUserInterfaceStyle = Dark;
				IPHONEOS_DEPLOYMENT_TARGET = 14.7;
				LD_RUNPATH_SEARCH_PATHS = (
					"$(inherited)",
					"@executable_path/Frameworks",
				);
				MARKETING_VERSION = 1.0;
				PRODUCT_BUNDLE_IDENTIFIER = dev.mikeschmidt.Africa;
				PRODUCT_NAME = "$(TARGET_NAME)";
				SUPPORTED_PLATFORMS = "iphoneos iphonesimulator";
				SUPPORTS_MACCATALYST = NO;
				SUPPORTS_MAC_DESIGNED_FOR_IPHONE_IPAD = NO;
				SWIFT_EMIT_LOC_STRINGS = YES;
				SWIFT_VERSION = 5.0;
				TARGETED_DEVICE_FAMILY = "1,2";
			};
			name = Release;
		};
		4DA73FC528E2344D0028ED9D /* Debug */ = {
			isa = XCBuildConfiguration;
			buildSettings = {
				ASSETCATALOG_COMPILER_APPICON_NAME = "iMessage App Icon";
				CODE_SIGN_ENTITLEMENTS = Stickers/Stickers.entitlements;
				CODE_SIGN_STYLE = Automatic;
				CURRENT_PROJECT_VERSION = 1;
				DEVELOPMENT_TEAM = 62L6L7882M;
				GENERATE_INFOPLIST_FILE = YES;
				INFOPLIST_FILE = Stickers/Info.plist;
				INFOPLIST_KEY_CFBundleDisplayName = Africa;
				MARKETING_VERSION = 1.0;
				PRODUCT_BUNDLE_IDENTIFIER = dev.mikeschmidt.Africa.Stickers;
				PRODUCT_NAME = "$(TARGET_NAME)";
				SKIP_INSTALL = YES;
				SUPPORTS_MACCATALYST = YES;
				SWIFT_EMIT_LOC_STRINGS = YES;
				TARGETED_DEVICE_FAMILY = "1,2,6";
			};
			name = Debug;
		};
		4DA73FC628E2344D0028ED9D /* Release */ = {
			isa = XCBuildConfiguration;
			buildSettings = {
				ASSETCATALOG_COMPILER_APPICON_NAME = "iMessage App Icon";
				CODE_SIGN_ENTITLEMENTS = Stickers/Stickers.entitlements;
				CODE_SIGN_STYLE = Automatic;
				CURRENT_PROJECT_VERSION = 1;
				DEVELOPMENT_TEAM = 62L6L7882M;
				GENERATE_INFOPLIST_FILE = YES;
				INFOPLIST_FILE = Stickers/Info.plist;
				INFOPLIST_KEY_CFBundleDisplayName = Africa;
				MARKETING_VERSION = 1.0;
				PRODUCT_BUNDLE_IDENTIFIER = dev.mikeschmidt.Africa.Stickers;
				PRODUCT_NAME = "$(TARGET_NAME)";
				SKIP_INSTALL = YES;
				SUPPORTS_MACCATALYST = YES;
				SWIFT_EMIT_LOC_STRINGS = YES;
				TARGETED_DEVICE_FAMILY = "1,2,6";
			};
			name = Release;
		};
/* End XCBuildConfiguration section */

/* Begin XCConfigurationList section */
		4D23D9DC28DCD2FA005F91BE /* Build configuration list for PBXProject "Africa" */ = {
			isa = XCConfigurationList;
			buildConfigurations = (
				4D23D9ED28DCD2FD005F91BE /* Debug */,
				4D23D9EE28DCD2FD005F91BE /* Release */,
			);
			defaultConfigurationIsVisible = 0;
			defaultConfigurationName = Release;
		};
		4D23D9EF28DCD2FD005F91BE /* Build configuration list for PBXNativeTarget "Africa" */ = {
			isa = XCConfigurationList;
			buildConfigurations = (
				4D23D9F028DCD2FD005F91BE /* Debug */,
				4D23D9F128DCD2FD005F91BE /* Release */,
			);
			defaultConfigurationIsVisible = 0;
			defaultConfigurationName = Release;
		};
		4DA73FC428E2344D0028ED9D /* Build configuration list for PBXNativeTarget "Stickers" */ = {
			isa = XCConfigurationList;
			buildConfigurations = (
				4DA73FC528E2344D0028ED9D /* Debug */,
				4DA73FC628E2344D0028ED9D /* Release */,
			);
			defaultConfigurationIsVisible = 0;
			defaultConfigurationName = Release;
		};
/* End XCConfigurationList section */
	};
	rootObject = 4D23D9D928DCD2FA005F91BE /* Project object */;
}
